
Microsoft Visual Studio Solution File, Format Version 12.00
# Visual Studio 14
VisualStudioVersion = 14.0.25420.1
MinimumVisualStudioVersion = 10.0.40219.1
Project("{FAE04EC0-301F-11D3-BF4B-00C04F79EFBC}") = "JLI.Extension", "JLI.Extension\JLI.Extension.csproj", "{F2BD7F20-0C5D-42AB-B0C9-9054D7B105BF}"
EndProject
Project("{FAE04EC0-301F-11D3-BF4B-00C04F79EFBC}") = "UnitTest", "UnitTest\UnitTest.csproj", "{487D8654-6466-4400-9AC1-DEDD4E9164CB}"
EndProject
Global
	GlobalSection(SolutionConfigurationPlatforms) = preSolution
		Debug|Any CPU = Debug|Any CPU
		Release|Any CPU = Release|Any CPU
	EndGlobalSection
	GlobalSection(ProjectConfigurationPlatforms) = postSolution
		{F2BD7F20-0C5D-42AB-B0C9-9054D7B105BF}.Debug|Any CPU.ActiveCfg = Debug|Any CPU
		{F2BD7F20-0C5D-42AB-B0C9-9054D7B105BF}.Debug|Any CPU.Build.0 = Debug|Any CPU
		{F2BD7F20-0C5D-42AB-B0C9-9054D7B105BF}.Release|Any CPU.ActiveCfg = Release|Any CPU
		{F2BD7F20-0C5D-42AB-B0C9-9054D7B105BF}.Release|Any CPU.Build.0 = Release|Any CPU
		{487D8654-6466-4400-9AC1-DEDD4E9164CB}.Debug|Any CPU.ActiveCfg = Debug|Any CPU
		{487D8654-6466-4400-9AC1-DEDD4E9164CB}.Debug|Any CPU.Build.0 = Debug|Any CPU
		{487D8654-6466-4400-9AC1-DEDD4E9164CB}.Release|Any CPU.ActiveCfg = Release|Any CPU
		{487D8654-6466-4400-9AC1-DEDD4E9164CB}.Release|Any CPU.Build.0 = Release|Any CPU
	EndGlobalSection
	GlobalSection(SolutionProperties) = preSolution
		HideSolutionNode = FALSE
	EndGlobalSection
EndGlobal
